{
  "nodes": {
    "nixpkgs": {
      "locked": {
        "lastModified": 1697741509,
        "narHash": "sha256-lt6Y3p/fWnoBZ+Ckmc0bylUENjsV4XG/KOMmuLTR/dM=",
        "owner": "nixos",
        "repo": "nixpkgs",
        "rev": "f8a1c0f7591c22d2c0a12a9f6f8dc3dbd7e95a2e",
        "type": "github"
      },
      "original": {
        "owner": "nixos",
        "repo": "nixpkgs",
        "type": "github"
      }
    },
    "root": {
      "inputs": {
        "nixpkgs": "nixpkgs"
      }
    }
  },
  "root": "root",
  "version": 7
}
