{
  "nodes": {
    "nixpkgs": {
      "locked": {
        "lastModified": 1709826632,
        "narHash": "sha256-FCVNkRYw70BdRhGsgVLyBB8scNmeL3v9Cw94a9a3fQQ=",
        "owner": "nixos",
        "repo": "nixpkgs",
        "rev": "56cf7ffc53339792a6e7edced811eff5dcdd9129",
        "type": "github"
      },
      "original": {
        "owner": "nixos",
        "repo": "nixpkgs",
        "type": "github"
      }
    },
    "root": {
      "inputs": {
        "nixpkgs": "nixpkgs"
      }
    }
  },
  "root": "root",
  "version": 7
}
