{
  "nodes": {
    "nixpkgs": {
      "locked": {
        "lastModified": 1690703350,
        "narHash": "sha256-hIQrDDpAy6/3M2uCGZjd8atF/XuQP/Vv5vmAEWHblu4=",
        "path": "/nix/store/qbmafg80y2dr4414fpycnvzxg5wv8bg0-source",
        "rev": "e2022dbe6f691e98396ea5fdbacd6ad3be130ba5",
        "type": "path"
      },
      "original": {
        "id": "nixpkgs",
        "type": "indirect"
      }
    },
    "root": {
      "inputs": {
        "nixpkgs": "nixpkgs"
      }
    }
  },
  "root": "root",
  "version": 7
}
